{
    "version": 3,
    "terraform_version": "0.11.7",
    "serial": 2,
    "lineage": "99f7cb8b-8abe-2503-d0e7-d6234aff1982",
    "modules": [
        {
            "path": [
                "root"
            ],
            "outputs": {},
            "resources": {
                "aws_vpc.main": {
                    "type": "aws_vpc",
                    "depends_on": [],
                    "primary": {
                        "id": "vpc-55f9122f",
                        "attributes": {
                            "assign_generated_ipv6_cidr_block": "false",
                            "cidr_block": "10.0.0.0/16",
                            "default_network_acl_id": "acl-ac4b1dd6",
                            "default_route_table_id": "rtb-96822fe9",
                            "default_security_group_id": "sg-d892db93",
                            "dhcp_options_id": "dopt-f5982c8c",
                            "enable_classiclink": "false",
                            "enable_classiclink_dns_support": "false",
                            "enable_dns_hostnames": "false",
                            "enable_dns_support": "true",
                            "id": "vpc-55f9122f",
                            "instance_tenancy": "default",
                            "main_route_table_id": "rtb-96822fe9",
                            "tags.%": "0"
                        },
                        "meta": {
                            "schema_version": "1"
                        },
                        "tainted": false
                    },
                    "deposed": [],
                    "provider": "provider.aws"
                }
            },
            "depends_on": []
        }
    ]
}
