{
    "version": 3,
    "terraform_version": "0.11.7",
    "serial": 37,
    "lineage": "4fcbc55b-9e52-8114-4d1f-48425ac0cf59",
    "modules": [
        {
            "path": [
                "root"
            ],
            "outputs": {},
            "resources": {},
            "depends_on": []
        },
        {
            "path": [
                "root",
                "database"
            ],
            "outputs": {},
            "resources": {
                "aws_db_instance.default": {
                    "type": "aws_db_instance",
                    "depends_on": [],
                    "primary": {
                        "id": "terraform-20180708024624449200000001",
                        "attributes": {
                            "address": "terraform-20180708024624449200000001.cxbghooekdmm.us-east-1.rds.amazonaws.com",
                            "allocated_storage": "10",
                            "arn": "arn:aws:rds:us-east-1:973714476881:db:terraform-20180708024624449200000001",
                            "auto_minor_version_upgrade": "true",
                            "availability_zone": "us-east-1e",
                            "backup_retention_period": "0",
                            "backup_window": "10:27-10:57",
                            "ca_cert_identifier": "rds-ca-2015",
                            "copy_tags_to_snapshot": "false",
                            "db_subnet_group_name": "default",
                            "enabled_cloudwatch_logs_exports.#": "0",
                            "endpoint": "terraform-20180708024624449200000001.cxbghooekdmm.us-east-1.rds.amazonaws.com:3306",
                            "engine": "mysql",
                            "engine_version": "5.7.21",
                            "hosted_zone_id": "Z2R2ITUGPM61AM",
                            "iam_database_authentication_enabled": "false",
                            "id": "terraform-20180708024624449200000001",
                            "identifier": "terraform-20180708024624449200000001",
                            "instance_class": "db.t2.micro",
                            "iops": "0",
                            "kms_key_id": "",
                            "license_model": "general-public-license",
                            "maintenance_window": "sat:09:23-sat:09:53",
                            "monitoring_interval": "0",
                            "multi_az": "false",
                            "name": "student",
                            "option_group_name": "default:mysql-5-7",
                            "parameter_group_name": "default.mysql5.7",
                            "password": "Student1",
                            "port": "3306",
                            "publicly_accessible": "false",
                            "replicas.#": "0",
                            "replicate_source_db": "",
                            "resource_id": "db-2FNML4T4GSMY6J3U52GL6NHSOI",
                            "security_group_names.#": "0",
                            "skip_final_snapshot": "false",
                            "status": "available",
                            "storage_encrypted": "false",
                            "storage_type": "gp2",
                            "tags.%": "0",
                            "timezone": "",
                            "username": "student",
                            "vpc_security_group_ids.#": "1",
                            "vpc_security_group_ids.525641110": "sg-9ec969ec"
                        },
                        "meta": {
                            "e2bfb730-ecaa-11e6-8f88-34363bc7c4c0": {
                                "create": 2400000000000,
                                "delete": 2400000000000,
                                "update": 4800000000000
                            }
                        },
                        "tainted": false
                    },
                    "deposed": [],
                    "provider": "provider.aws"
                }
            },
            "depends_on": []
        },
        {
            "path": [
                "root",
                "infra"
            ],
            "outputs": {},
            "resources": {
                "aws_instance.web": {
                    "type": "aws_instance",
                    "depends_on": [
                        "aws_security_group.allow_ssh"
                    ],
                    "primary": {
                        "id": "i-055ddcf2d6127ee6c",
                        "attributes": {
                            "ami": "ami-6871a115",
                            "associate_public_ip_address": "true",
                            "availability_zone": "us-east-1a",
                            "credit_specification.#": "1",
                            "credit_specification.0.cpu_credits": "standard",
                            "disable_api_termination": "false",
                            "ebs_block_device.#": "0",
                            "ebs_optimized": "false",
                            "ephemeral_block_device.#": "0",
                            "get_password_data": "false",
                            "iam_instance_profile": "",
                            "id": "i-055ddcf2d6127ee6c",
                            "instance_state": "running",
                            "instance_type": "t2.micro",
                            "ipv6_addresses.#": "0",
                            "key_name": "",
                            "monitoring": "false",
                            "network_interface.#": "0",
                            "network_interface_id": "eni-f41ad7a1",
                            "password_data": "",
                            "placement_group": "",
                            "primary_network_interface_id": "eni-f41ad7a1",
                            "private_dns": "ip-10-0-1-108.ec2.internal",
                            "private_ip": "10.0.1.108",
                            "public_dns": "",
                            "public_ip": "54.235.226.20",
                            "root_block_device.#": "1",
                            "root_block_device.0.delete_on_termination": "true",
                            "root_block_device.0.iops": "100",
                            "root_block_device.0.volume_id": "vol-009d40a97332071aa",
                            "root_block_device.0.volume_size": "10",
                            "root_block_device.0.volume_type": "gp2",
                            "security_groups.#": "0",
                            "source_dest_check": "true",
                            "subnet_id": "subnet-190ba537",
                            "tags.%": "1",
                            "tags.Name": "HelloWorld",
                            "tenancy": "default",
                            "volume_tags.%": "0",
                            "vpc_security_group_ids.#": "1",
                            "vpc_security_group_ids.3350715275": "sg-785d5933"
                        },
                        "meta": {
                            "e2bfb730-ecaa-11e6-8f88-34363bc7c4c0": {
                                "create": 600000000000,
                                "delete": 1200000000000,
                                "update": 600000000000
                            },
                            "schema_version": "1"
                        },
                        "tainted": false
                    },
                    "deposed": [],
                    "provider": "provider.aws"
                },
                "aws_security_group.allow_ssh": {
                    "type": "aws_security_group",
                    "depends_on": [],
                    "primary": {
                        "id": "sg-785d5933",
                        "attributes": {
                            "arn": "arn:aws:ec2:us-east-1:973714476881:security-group/sg-785d5933",
                            "description": "Allow SSH inbound traffic",
                            "egress.#": "1",
                            "egress.482069346.cidr_blocks.#": "1",
                            "egress.482069346.cidr_blocks.0": "0.0.0.0/0",
                            "egress.482069346.description": "",
                            "egress.482069346.from_port": "0",
                            "egress.482069346.ipv6_cidr_blocks.#": "0",
                            "egress.482069346.prefix_list_ids.#": "0",
                            "egress.482069346.protocol": "-1",
                            "egress.482069346.security_groups.#": "0",
                            "egress.482069346.self": "false",
                            "egress.482069346.to_port": "0",
                            "id": "sg-785d5933",
                            "ingress.#": "1",
                            "ingress.2541437006.cidr_blocks.#": "1",
                            "ingress.2541437006.cidr_blocks.0": "0.0.0.0/0",
                            "ingress.2541437006.description": "",
                            "ingress.2541437006.from_port": "22",
                            "ingress.2541437006.ipv6_cidr_blocks.#": "0",
                            "ingress.2541437006.protocol": "tcp",
                            "ingress.2541437006.security_groups.#": "0",
                            "ingress.2541437006.self": "false",
                            "ingress.2541437006.to_port": "22",
                            "name": "Allow SSH",
                            "owner_id": "973714476881",
                            "revoke_rules_on_delete": "false",
                            "tags.%": "0",
                            "vpc_id": "vpc-194bba63"
                        },
                        "meta": {
                            "e2bfb730-ecaa-11e6-8f88-34363bc7c4c0": {
                                "create": 600000000000,
                                "delete": 600000000000
                            },
                            "schema_version": "1"
                        },
                        "tainted": false
                    },
                    "deposed": [],
                    "provider": "provider.aws"
                }
            },
            "depends_on": []
        },
        {
            "path": [
                "root",
                "network"
            ],
            "outputs": {
                "subnet1_id": {
                    "sensitive": false,
                    "type": "string",
                    "value": "subnet-190ba537"
                },
                "subnet2_id": {
                    "sensitive": false,
                    "type": "string",
                    "value": "subnet-94aad9de"
                },
                "vpc": {
                    "sensitive": false,
                    "type": "string",
                    "value": "vpc-194bba63"
                }
            },
            "resources": {
                "aws_internet_gateway.gw": {
                    "type": "aws_internet_gateway",
                    "depends_on": [
                        "aws_vpc.main"
                    ],
                    "primary": {
                        "id": "igw-3278514a",
                        "attributes": {
                            "id": "igw-3278514a",
                            "tags.%": "1",
                            "tags.Name": "Student-IGW",
                            "vpc_id": "vpc-194bba63"
                        },
                        "meta": {},
                        "tainted": false
                    },
                    "deposed": [],
                    "provider": "provider.aws"
                },
                "aws_main_route_table_association.a": {
                    "type": "aws_main_route_table_association",
                    "depends_on": [
                        "aws_route_table.table1",
                        "aws_vpc.main"
                    ],
                    "primary": {
                        "id": "rtbassoc-c47fbcba",
                        "attributes": {
                            "id": "rtbassoc-c47fbcba",
                            "original_route_table_id": "rtb-3100b54e",
                            "route_table_id": "rtb-04f4407b",
                            "vpc_id": "vpc-194bba63"
                        },
                        "meta": {},
                        "tainted": false
                    },
                    "deposed": [],
                    "provider": "provider.aws"
                },
                "aws_route_table.table1": {
                    "type": "aws_route_table",
                    "depends_on": [
                        "aws_internet_gateway.gw",
                        "aws_vpc.main"
                    ],
                    "primary": {
                        "id": "rtb-04f4407b",
                        "attributes": {
                            "id": "rtb-04f4407b",
                            "propagating_vgws.#": "0",
                            "route.#": "1",
                            "route.1129180968.cidr_block": "0.0.0.0/0",
                            "route.1129180968.egress_only_gateway_id": "",
                            "route.1129180968.gateway_id": "igw-3278514a",
                            "route.1129180968.instance_id": "",
                            "route.1129180968.ipv6_cidr_block": "",
                            "route.1129180968.nat_gateway_id": "",
                            "route.1129180968.network_interface_id": "",
                            "route.1129180968.vpc_peering_connection_id": "",
                            "tags.%": "1",
                            "tags.Name": "Student-Route",
                            "vpc_id": "vpc-194bba63"
                        },
                        "meta": {},
                        "tainted": false
                    },
                    "deposed": [],
                    "provider": "provider.aws"
                },
                "aws_subnet.subnet1": {
                    "type": "aws_subnet",
                    "depends_on": [
                        "aws_vpc.main"
                    ],
                    "primary": {
                        "id": "subnet-190ba537",
                        "attributes": {
                            "assign_ipv6_address_on_creation": "false",
                            "availability_zone": "us-east-1a",
                            "cidr_block": "10.0.1.0/24",
                            "id": "subnet-190ba537",
                            "map_public_ip_on_launch": "true",
                            "tags.%": "1",
                            "tags.Name": "Student-Subnet1",
                            "vpc_id": "vpc-194bba63"
                        },
                        "meta": {
                            "schema_version": "1"
                        },
                        "tainted": false
                    },
                    "deposed": [],
                    "provider": "provider.aws"
                },
                "aws_subnet.subnet2": {
                    "type": "aws_subnet",
                    "depends_on": [
                        "aws_vpc.main"
                    ],
                    "primary": {
                        "id": "subnet-94aad9de",
                        "attributes": {
                            "assign_ipv6_address_on_creation": "false",
                            "availability_zone": "us-east-1b",
                            "cidr_block": "10.0.2.0/24",
                            "id": "subnet-94aad9de",
                            "map_public_ip_on_launch": "true",
                            "tags.%": "1",
                            "tags.Name": "Student-Subnet2",
                            "vpc_id": "vpc-194bba63"
                        },
                        "meta": {
                            "schema_version": "1"
                        },
                        "tainted": false
                    },
                    "deposed": [],
                    "provider": "provider.aws"
                },
                "aws_vpc.main": {
                    "type": "aws_vpc",
                    "depends_on": [],
                    "primary": {
                        "id": "vpc-194bba63",
                        "attributes": {
                            "assign_generated_ipv6_cidr_block": "false",
                            "cidr_block": "10.0.0.0/16",
                            "default_network_acl_id": "acl-7cffa006",
                            "default_route_table_id": "rtb-04f4407b",
                            "default_security_group_id": "sg-e55357ae",
                            "dhcp_options_id": "dopt-f5982c8c",
                            "enable_classiclink": "false",
                            "enable_classiclink_dns_support": "false",
                            "enable_dns_hostnames": "false",
                            "enable_dns_support": "true",
                            "id": "vpc-194bba63",
                            "instance_tenancy": "default",
                            "main_route_table_id": "rtb-04f4407b",
                            "tags.%": "1",
                            "tags.Name": "Student-VPC"
                        },
                        "meta": {
                            "schema_version": "1"
                        },
                        "tainted": false
                    },
                    "deposed": [],
                    "provider": "provider.aws"
                }
            },
            "depends_on": []
        }
    ]
}
